PODS:
  - AeroGear-Push-Swift (1.2.0)
  - AeroGearHttp (0.6.0)
  - FeedHenry (4.1.1):
    - AeroGear-Push-Swift (= 1.2.0)
    - AeroGearHttp (= 0.6.0)
    - ReachabilitySwift (= 2.3.3)
  - ReachabilitySwift (2.3.3)

DEPENDENCIES:
  - FeedHenry (~> 4.1.1)

SPEC CHECKSUMS:
  AeroGear-Push-Swift: 2b6ada18939e58d003e6a2315c22be22556048b1
  AeroGearHttp: e958f301cc2d1c7fbfd4b61af187ea3490040a48
  FeedHenry: 63f66cf573fe142e7a3ef7027810fab6f488866a
  ReachabilitySwift: e0f6b6f280effb47731acfaaa2d5ffe223703793

PODFILE CHECKSUM: e5fb340a24bf0461f46d4d3f3939dae0137fed58

COCOAPODS: 1.0.1
