PODS:
  - AeroGear-Push-Swift (1.2.0)
  - AeroGearHttp (0.5.1)
  - FeedHenry (4.0.0):
    - AeroGear-Push-Swift
    - AeroGearHttp
    - ReachabilitySwift
  - ReachabilitySwift (2.3.3)

DEPENDENCIES:
  - FeedHenry

SPEC CHECKSUMS:
  AeroGear-Push-Swift: 2b6ada18939e58d003e6a2315c22be22556048b1
  AeroGearHttp: 9eb405b694aa9ac5daff842f68648f4a9fe0fa66
  FeedHenry: 0732752494b4d598a552e82865951fb42c1e986a
  ReachabilitySwift: e0f6b6f280effb47731acfaaa2d5ffe223703793

COCOAPODS: 0.39.0
